// !$*UTF8*$!
{
	archiveVersion = 1;
	classes = {
	};
	objectVersion = 46;
	objects = {

/* Begin PBXBuildFile section */
		2D01ACB424E8046300818691 /* Tint.swift in Sources */ = {isa = PBXBuildFile; fileRef = 2D01ACB324E8046300818691 /* Tint.swift */; };
		2D02FC3A24ED946300837D13 /* ButtonCell.swift in Sources */ = {isa = PBXBuildFile; fileRef = 2D02FC3924ED946300837D13 /* ButtonCell.swift */; };
		2D03DD1A24F176D200AE1A82 /* defaultPrograms.json in Resources */ = {isa = PBXBuildFile; fileRef = 2D03DD1924F176D200AE1A82 /* defaultPrograms.json */; };
		2D0ABDAE24EAFCB8001404D0 /* StyleCell.swift in Sources */ = {isa = PBXBuildFile; fileRef = 2D0ABDAD24EAFCB8001404D0 /* StyleCell.swift */; };
		2D0ABDB024EAFD26001404D0 /* StyleView.swift in Sources */ = {isa = PBXBuildFile; fileRef = 2D0ABDAF24EAFD26001404D0 /* StyleView.swift */; };
		2D138E4824BA1292008A269A /* Program.swift in Sources */ = {isa = PBXBuildFile; fileRef = 2D138E4724BA1292008A269A /* Program.swift */; };
		2D138E4A24BA1403008A269A /* ProgramRunner.swift in Sources */ = {isa = PBXBuildFile; fileRef = 2D138E4924BA1403008A269A /* ProgramRunner.swift */; };
		2D138E4C24BA20E1008A269A /* SecondsTimer.swift in Sources */ = {isa = PBXBuildFile; fileRef = 2D138E4B24BA20E1008A269A /* SecondsTimer.swift */; };
		2D138E4F24BAFC28008A269A /* NotificationScheduler.swift in Sources */ = {isa = PBXBuildFile; fileRef = 2D138E4E24BAFC28008A269A /* NotificationScheduler.swift */; };
		2D138E5124BB18E6008A269A /* ProgramManager.swift in Sources */ = {isa = PBXBuildFile; fileRef = 2D138E5024BB18E6008A269A /* ProgramManager.swift */; };
		2D138E5324BB1EBF008A269A /* BlinkAnimation.swift in Sources */ = {isa = PBXBuildFile; fileRef = 2D138E5224BB1EBF008A269A /* BlinkAnimation.swift */; };
		2D138E5724BC3D63008A269A /* ControlsViewControler.swift in Sources */ = {isa = PBXBuildFile; fileRef = 2D138E5624BC3D63008A269A /* ControlsViewControler.swift */; };
		2D292F2A24BCB292008B10E6 /* UIViewControllerExtension.swift in Sources */ = {isa = PBXBuildFile; fileRef = 2D292F2924BCB292008B10E6 /* UIViewControllerExtension.swift */; };
		2D3BB6FA1CAC36CC008320FA /* ProgramTableViewController.swift in Sources */ = {isa = PBXBuildFile; fileRef = 2D3BB6F91CAC36CC008320FA /* ProgramTableViewController.swift */; };
		2D6192F524C0BB2C00F7DC1E /* ProgressViewController.swift in Sources */ = {isa = PBXBuildFile; fileRef = 2D6192F424C0BB2C00F7DC1E /* ProgressViewController.swift */; };
		2D71C45B24C34222003288DE /* Colors.xcassets in Resources */ = {isa = PBXBuildFile; fileRef = 2D71C45A24C34222003288DE /* Colors.xcassets */; };
		2D8BBA7F24EC730D00025170 /* EditStepTableViewController.swift in Sources */ = {isa = PBXBuildFile; fileRef = 2D8BBA7E24EC730D00025170 /* EditStepTableViewController.swift */; };
		2D99B88324BF925F009BE18E /* ProgressView.swift in Sources */ = {isa = PBXBuildFile; fileRef = 2D99B87F24BF6A7F009BE18E /* ProgressView.swift */; };
		2DB7034524CC85BB008FC7DF /* ProgramCell.swift in Sources */ = {isa = PBXBuildFile; fileRef = 2DB7034424CC85BB008FC7DF /* ProgramCell.swift */; };
		2DB7034724CC9087008FC7DF /* IntExtension.swift in Sources */ = {isa = PBXBuildFile; fileRef = 2DB7034624CC9087008FC7DF /* IntExtension.swift */; };
		2DB7034924CE23B0008FC7DF /* PanelView.swift in Sources */ = {isa = PBXBuildFile; fileRef = 2DB7034824CE23B0008FC7DF /* PanelView.swift */; };
		2DB7034B24CE256A008FC7DF /* StepsPicker.swift in Sources */ = {isa = PBXBuildFile; fileRef = 2DB7034A24CE256A008FC7DF /* StepsPicker.swift */; };
		2DBACDE624C1D855006F167F /* HeaderViewController.swift in Sources */ = {isa = PBXBuildFile; fileRef = 2DBACDE524C1D855006F167F /* HeaderViewController.swift */; };
		2DD4178224C42E6E00981C09 /* StepsView.swift in Sources */ = {isa = PBXBuildFile; fileRef = 2DD4178124C42E6E00981C09 /* StepsView.swift */; };
		2DD4178424C4330200981C09 /* StepsViewController.swift in Sources */ = {isa = PBXBuildFile; fileRef = 2DD4178324C4330200981C09 /* StepsViewController.swift */; };
		2DD4178624C47FD400981C09 /* CALayerExtension.swift in Sources */ = {isa = PBXBuildFile; fileRef = 2DD4178524C47FD400981C09 /* CALayerExtension.swift */; };
		2DD4178824C4CA2B00981C09 /* CGPointExtension.swift in Sources */ = {isa = PBXBuildFile; fileRef = 2DD4178724C4CA2B00981C09 /* CGPointExtension.swift */; };
		2DD4178A24C5786300981C09 /* EventEmitter.swift in Sources */ = {isa = PBXBuildFile; fileRef = 2DD4178924C5786300981C09 /* EventEmitter.swift */; };
		2DD59F4C24E9A85600EDBEDA /* EditProgramTableViewController.swift in Sources */ = {isa = PBXBuildFile; fileRef = 2DD59F4B24E9A85600EDBEDA /* EditProgramTableViewController.swift */; };
		2DD59F4E24E9A9A700EDBEDA /* TextFieldCell.swift in Sources */ = {isa = PBXBuildFile; fileRef = 2DD59F4D24E9A9A700EDBEDA /* TextFieldCell.swift */; };
		2DD59F5024E9B10F00EDBEDA /* ThemeCell.swift in Sources */ = {isa = PBXBuildFile; fileRef = 2DD59F4F24E9B10F00EDBEDA /* ThemeCell.swift */; };
		2DD59F5224EA5C5900EDBEDA /* ThemeView.swift in Sources */ = {isa = PBXBuildFile; fileRef = 2DD59F5124EA5C5900EDBEDA /* ThemeView.swift */; };
		2DE4E3D324F29CB800E3A6C2 /* SwitchCell.swift in Sources */ = {isa = PBXBuildFile; fileRef = 2DE4E3D224F29CB800E3A6C2 /* SwitchCell.swift */; };
		2DE4E3FA24F2C4BB00E3A6C2 /* SceneDelegate.swift in Sources */ = {isa = PBXBuildFile; fileRef = 2DE4E3F824F2C40100E3A6C2 /* SceneDelegate.swift */; };
		2DEFB3071CA6E40100E4AA77 /* AppDelegate.swift in Sources */ = {isa = PBXBuildFile; fileRef = 2DEFB3061CA6E40100E4AA77 /* AppDelegate.swift */; };
		2DEFB3091CA6E40100E4AA77 /* TimerViewController.swift in Sources */ = {isa = PBXBuildFile; fileRef = 2DEFB3081CA6E40100E4AA77 /* TimerViewController.swift */; };
		2DEFB30C1CA6E40100E4AA77 /* Main.storyboard in Resources */ = {isa = PBXBuildFile; fileRef = 2DEFB30A1CA6E40100E4AA77 /* Main.storyboard */; };
		2DEFB30E1CA6E40100E4AA77 /* Assets.xcassets in Resources */ = {isa = PBXBuildFile; fileRef = 2DEFB30D1CA6E40100E4AA77 /* Assets.xcassets */; };
		2DEFB3111CA6E40100E4AA77 /* LaunchScreen.storyboard in Resources */ = {isa = PBXBuildFile; fileRef = 2DEFB30F1CA6E40100E4AA77 /* LaunchScreen.storyboard */; };
		2DF0B8FF24C8208B0062694B /* AnnouncerViewController.swift in Sources */ = {isa = PBXBuildFile; fileRef = 2DF0B8FE24C8208B0062694B /* AnnouncerViewController.swift */; };
		2DFFFE2624FBCA26000E6B9A /* StepsLayer.swift in Sources */ = {isa = PBXBuildFile; fileRef = 2DFFFE2524FBCA26000E6B9A /* StepsLayer.swift */; };
		2DFFFE2824FBCD93000E6B9A /* MarkerView.swift in Sources */ = {isa = PBXBuildFile; fileRef = 2DFFFE2724FBCD93000E6B9A /* MarkerView.swift */; };
		2DFFFE2A24FBDC84000E6B9A /* UIViewExtension.swift in Sources */ = {isa = PBXBuildFile; fileRef = 2DFFFE2924FBDC84000E6B9A /* UIViewExtension.swift */; };
/* End PBXBuildFile section */

/* Begin PBXFileReference section */
		2D01ACB324E8046300818691 /* Tint.swift */ = {isa = PBXFileReference; lastKnownFileType = sourcecode.swift; path = Tint.swift; sourceTree = "<group>"; };
		2D02FC3924ED946300837D13 /* ButtonCell.swift */ = {isa = PBXFileReference; lastKnownFileType = sourcecode.swift; path = ButtonCell.swift; sourceTree = "<group>"; };
		2D03DD1924F176D200AE1A82 /* defaultPrograms.json */ = {isa = PBXFileReference; lastKnownFileType = text.json; path = defaultPrograms.json; sourceTree = "<group>"; };
		2D0ABDAD24EAFCB8001404D0 /* StyleCell.swift */ = {isa = PBXFileReference; lastKnownFileType = sourcecode.swift; path = StyleCell.swift; sourceTree = "<group>"; };
		2D0ABDAF24EAFD26001404D0 /* StyleView.swift */ = {isa = PBXFileReference; lastKnownFileType = sourcecode.swift; path = StyleView.swift; sourceTree = "<group>"; };
		2D138E4724BA1292008A269A /* Program.swift */ = {isa = PBXFileReference; lastKnownFileType = sourcecode.swift; path = Program.swift; sourceTree = "<group>"; };
		2D138E4924BA1403008A269A /* ProgramRunner.swift */ = {isa = PBXFileReference; lastKnownFileType = sourcecode.swift; path = ProgramRunner.swift; sourceTree = "<group>"; };
		2D138E4B24BA20E1008A269A /* SecondsTimer.swift */ = {isa = PBXFileReference; lastKnownFileType = sourcecode.swift; path = SecondsTimer.swift; sourceTree = "<group>"; };
		2D138E4E24BAFC28008A269A /* NotificationScheduler.swift */ = {isa = PBXFileReference; lastKnownFileType = sourcecode.swift; path = NotificationScheduler.swift; sourceTree = "<group>"; };
		2D138E5024BB18E6008A269A /* ProgramManager.swift */ = {isa = PBXFileReference; lastKnownFileType = sourcecode.swift; path = ProgramManager.swift; sourceTree = "<group>"; };
		2D138E5224BB1EBF008A269A /* BlinkAnimation.swift */ = {isa = PBXFileReference; lastKnownFileType = sourcecode.swift; path = BlinkAnimation.swift; sourceTree = "<group>"; };
		2D138E5624BC3D63008A269A /* ControlsViewControler.swift */ = {isa = PBXFileReference; lastKnownFileType = sourcecode.swift; path = ControlsViewControler.swift; sourceTree = "<group>"; };
		2D292F2924BCB292008B10E6 /* UIViewControllerExtension.swift */ = {isa = PBXFileReference; lastKnownFileType = sourcecode.swift; path = UIViewControllerExtension.swift; sourceTree = "<group>"; };
		2D3BB6F91CAC36CC008320FA /* ProgramTableViewController.swift */ = {isa = PBXFileReference; fileEncoding = 4; lastKnownFileType = sourcecode.swift; path = ProgramTableViewController.swift; sourceTree = "<group>"; };
		2D6192F424C0BB2C00F7DC1E /* ProgressViewController.swift */ = {isa = PBXFileReference; lastKnownFileType = sourcecode.swift; path = ProgressViewController.swift; sourceTree = "<group>"; };
		2D71C45A24C34222003288DE /* Colors.xcassets */ = {isa = PBXFileReference; lastKnownFileType = folder.assetcatalog; path = Colors.xcassets; sourceTree = "<group>"; };
		2D8BBA7E24EC730D00025170 /* EditStepTableViewController.swift */ = {isa = PBXFileReference; lastKnownFileType = sourcecode.swift; path = EditStepTableViewController.swift; sourceTree = "<group>"; };
		2D99B87F24BF6A7F009BE18E /* ProgressView.swift */ = {isa = PBXFileReference; lastKnownFileType = sourcecode.swift; path = ProgressView.swift; sourceTree = "<group>"; };
		2DA969581CB6D85800C0171E /* Timer.entitlements */ = {isa = PBXFileReference; lastKnownFileType = text.xml; path = Timer.entitlements; sourceTree = "<group>"; };
		2DB7034424CC85BB008FC7DF /* ProgramCell.swift */ = {isa = PBXFileReference; lastKnownFileType = sourcecode.swift; path = ProgramCell.swift; sourceTree = "<group>"; };
		2DB7034624CC9087008FC7DF /* IntExtension.swift */ = {isa = PBXFileReference; lastKnownFileType = sourcecode.swift; path = IntExtension.swift; sourceTree = "<group>"; };
		2DB7034824CE23B0008FC7DF /* PanelView.swift */ = {isa = PBXFileReference; lastKnownFileType = sourcecode.swift; path = PanelView.swift; sourceTree = "<group>"; };
		2DB7034A24CE256A008FC7DF /* StepsPicker.swift */ = {isa = PBXFileReference; lastKnownFileType = sourcecode.swift; path = StepsPicker.swift; sourceTree = "<group>"; };
		2DBACDE524C1D855006F167F /* HeaderViewController.swift */ = {isa = PBXFileReference; lastKnownFileType = sourcecode.swift; path = HeaderViewController.swift; sourceTree = "<group>"; };
		2DD4178124C42E6E00981C09 /* StepsView.swift */ = {isa = PBXFileReference; lastKnownFileType = sourcecode.swift; path = StepsView.swift; sourceTree = "<group>"; };
		2DD4178324C4330200981C09 /* StepsViewController.swift */ = {isa = PBXFileReference; lastKnownFileType = sourcecode.swift; path = StepsViewController.swift; sourceTree = "<group>"; };
		2DD4178524C47FD400981C09 /* CALayerExtension.swift */ = {isa = PBXFileReference; lastKnownFileType = sourcecode.swift; path = CALayerExtension.swift; sourceTree = "<group>"; };
		2DD4178724C4CA2B00981C09 /* CGPointExtension.swift */ = {isa = PBXFileReference; lastKnownFileType = sourcecode.swift; path = CGPointExtension.swift; sourceTree = "<group>"; };
		2DD4178924C5786300981C09 /* EventEmitter.swift */ = {isa = PBXFileReference; lastKnownFileType = sourcecode.swift; path = EventEmitter.swift; sourceTree = "<group>"; };
		2DD59F4B24E9A85600EDBEDA /* EditProgramTableViewController.swift */ = {isa = PBXFileReference; lastKnownFileType = sourcecode.swift; path = EditProgramTableViewController.swift; sourceTree = "<group>"; };
		2DD59F4D24E9A9A700EDBEDA /* TextFieldCell.swift */ = {isa = PBXFileReference; lastKnownFileType = sourcecode.swift; path = TextFieldCell.swift; sourceTree = "<group>"; };
		2DD59F4F24E9B10F00EDBEDA /* ThemeCell.swift */ = {isa = PBXFileReference; lastKnownFileType = sourcecode.swift; path = ThemeCell.swift; sourceTree = "<group>"; };
		2DD59F5124EA5C5900EDBEDA /* ThemeView.swift */ = {isa = PBXFileReference; lastKnownFileType = sourcecode.swift; path = ThemeView.swift; sourceTree = "<group>"; };
		2DE4E3D224F29CB800E3A6C2 /* SwitchCell.swift */ = {isa = PBXFileReference; lastKnownFileType = sourcecode.swift; path = SwitchCell.swift; sourceTree = "<group>"; };
		2DE4E3F824F2C40100E3A6C2 /* SceneDelegate.swift */ = {isa = PBXFileReference; lastKnownFileType = sourcecode.swift; path = SceneDelegate.swift; sourceTree = "<group>"; };
		2DEFB3031CA6E40000E4AA77 /* Custimer.app */ = {isa = PBXFileReference; explicitFileType = wrapper.application; includeInIndex = 0; path = Custimer.app; sourceTree = BUILT_PRODUCTS_DIR; };
		2DEFB3061CA6E40100E4AA77 /* AppDelegate.swift */ = {isa = PBXFileReference; lastKnownFileType = sourcecode.swift; path = AppDelegate.swift; sourceTree = "<group>"; };
		2DEFB3081CA6E40100E4AA77 /* TimerViewController.swift */ = {isa = PBXFileReference; lastKnownFileType = sourcecode.swift; path = TimerViewController.swift; sourceTree = "<group>"; };
		2DEFB30B1CA6E40100E4AA77 /* Base */ = {isa = PBXFileReference; lastKnownFileType = file.storyboard; name = Base; path = Base.lproj/Main.storyboard; sourceTree = "<group>"; };
		2DEFB30D1CA6E40100E4AA77 /* Assets.xcassets */ = {isa = PBXFileReference; lastKnownFileType = folder.assetcatalog; path = Assets.xcassets; sourceTree = "<group>"; };
		2DEFB3101CA6E40100E4AA77 /* Base */ = {isa = PBXFileReference; lastKnownFileType = file.storyboard; name = Base; path = Base.lproj/LaunchScreen.storyboard; sourceTree = "<group>"; };
		2DEFB3121CA6E40100E4AA77 /* Info.plist */ = {isa = PBXFileReference; lastKnownFileType = text.plist.xml; path = Info.plist; sourceTree = "<group>"; };
		2DF0B8FE24C8208B0062694B /* AnnouncerViewController.swift */ = {isa = PBXFileReference; lastKnownFileType = sourcecode.swift; path = AnnouncerViewController.swift; sourceTree = "<group>"; };
		2DFFFE2524FBCA26000E6B9A /* StepsLayer.swift */ = {isa = PBXFileReference; lastKnownFileType = sourcecode.swift; path = StepsLayer.swift; sourceTree = "<group>"; };
		2DFFFE2724FBCD93000E6B9A /* MarkerView.swift */ = {isa = PBXFileReference; lastKnownFileType = sourcecode.swift; path = MarkerView.swift; sourceTree = "<group>"; };
		2DFFFE2924FBDC84000E6B9A /* UIViewExtension.swift */ = {isa = PBXFileReference; lastKnownFileType = sourcecode.swift; path = UIViewExtension.swift; sourceTree = "<group>"; };
/* End PBXFileReference section */

/* Begin PBXFrameworksBuildPhase section */
		2DEFB3001CA6E40000E4AA77 /* Frameworks */ = {
			isa = PBXFrameworksBuildPhase;
			buildActionMask = 2147483647;
			files = (
			);
			runOnlyForDeploymentPostprocessing = 0;
		};
/* End PBXFrameworksBuildPhase section */

/* Begin PBXGroup section */
		2D092F612512AFE600875A1E /* Cells */ = {
			isa = PBXGroup;
			children = (
				2DB7034424CC85BB008FC7DF /* ProgramCell.swift */,
				2DD59F4D24E9A9A700EDBEDA /* TextFieldCell.swift */,
				2DD59F4F24E9B10F00EDBEDA /* ThemeCell.swift */,
				2D0ABDAD24EAFCB8001404D0 /* StyleCell.swift */,
				2D02FC3924ED946300837D13 /* ButtonCell.swift */,
				2DE4E3D224F29CB800E3A6C2 /* SwitchCell.swift */,
			);
			name = Cells;
			sourceTree = "<group>";
		};
		2DA20B351E94D347000B7E45 /* Util */ = {
			isa = PBXGroup;
			children = (
				2D138E5224BB1EBF008A269A /* BlinkAnimation.swift */,
				2DD4178924C5786300981C09 /* EventEmitter.swift */,
				2D138E4B24BA20E1008A269A /* SecondsTimer.swift */,
				2D292F2924BCB292008B10E6 /* UIViewControllerExtension.swift */,
				2DFFFE2924FBDC84000E6B9A /* UIViewExtension.swift */,
				2DD4178524C47FD400981C09 /* CALayerExtension.swift */,
				2DD4178724C4CA2B00981C09 /* CGPointExtension.swift */,
				2DB7034624CC9087008FC7DF /* IntExtension.swift */,
			);
			name = Util;
			sourceTree = "<group>";
		};
		2DEA8A1F1CA938CA00BDF955 /* Model */ = {
			isa = PBXGroup;
			children = (
				2D138E4724BA1292008A269A /* Program.swift */,
				2D01ACB324E8046300818691 /* Tint.swift */,
				2D138E5024BB18E6008A269A /* ProgramManager.swift */,
				2D138E4924BA1403008A269A /* ProgramRunner.swift */,
				2D138E4E24BAFC28008A269A /* NotificationScheduler.swift */,
			);
			name = Model;
			sourceTree = "<group>";
		};
		2DEA8A201CA938D200BDF955 /* View */ = {
			isa = PBXGroup;
			children = (
				2DFFFE2524FBCA26000E6B9A /* StepsLayer.swift */,
				2DFFFE2724FBCD93000E6B9A /* MarkerView.swift */,
				2D99B87F24BF6A7F009BE18E /* ProgressView.swift */,
				2DB7034A24CE256A008FC7DF /* StepsPicker.swift */,
				2DD4178124C42E6E00981C09 /* StepsView.swift */,
				2DB7034824CE23B0008FC7DF /* PanelView.swift */,
				2DD59F5124EA5C5900EDBEDA /* ThemeView.swift */,
				2D0ABDAF24EAFD26001404D0 /* StyleView.swift */,
			);
			name = View;
			sourceTree = "<group>";
		};
		2DEA8A211CA938D700BDF955 /* Controller */ = {
			isa = PBXGroup;
			children = (
				2DEFB3061CA6E40100E4AA77 /* AppDelegate.swift */,
				2DE4E3F824F2C40100E3A6C2 /* SceneDelegate.swift */,
				2DF0B8FE24C8208B0062694B /* AnnouncerViewController.swift */,
				2DD4178324C4330200981C09 /* StepsViewController.swift */,
				2DBACDE524C1D855006F167F /* HeaderViewController.swift */,
				2D6192F424C0BB2C00F7DC1E /* ProgressViewController.swift */,
				2D138E5624BC3D63008A269A /* ControlsViewControler.swift */,
				2DEFB3081CA6E40100E4AA77 /* TimerViewController.swift */,
				2D3BB6F91CAC36CC008320FA /* ProgramTableViewController.swift */,
				2DD59F4B24E9A85600EDBEDA /* EditProgramTableViewController.swift */,
				2D8BBA7E24EC730D00025170 /* EditStepTableViewController.swift */,
			);
			name = Controller;
			sourceTree = "<group>";
		};
		2DEFB2FA1CA6E40000E4AA77 = {
			isa = PBXGroup;
			children = (
				2DEFB3051CA6E40100E4AA77 /* Timer */,
				2DEFB3041CA6E40000E4AA77 /* Products */,
			);
			sourceTree = "<group>";
		};
		2DEFB3041CA6E40000E4AA77 /* Products */ = {
			isa = PBXGroup;
			children = (
				2DEFB3031CA6E40000E4AA77 /* Custimer.app */,
			);
			name = Products;
			sourceTree = "<group>";
		};
		2DEFB3051CA6E40100E4AA77 /* Timer */ = {
			isa = PBXGroup;
			children = (
				2DA969581CB6D85800C0171E /* Timer.entitlements */,
				2DA20B351E94D347000B7E45 /* Util */,
				2DEA8A1F1CA938CA00BDF955 /* Model */,
				2DEA8A201CA938D200BDF955 /* View */,
				2D092F612512AFE600875A1E /* Cells */,
				2DEA8A211CA938D700BDF955 /* Controller */,
				2DEFB30A1CA6E40100E4AA77 /* Main.storyboard */,
				2DEFB30D1CA6E40100E4AA77 /* Assets.xcassets */,
				2D71C45A24C34222003288DE /* Colors.xcassets */,
				2DEFB30F1CA6E40100E4AA77 /* LaunchScreen.storyboard */,
				2DEFB3121CA6E40100E4AA77 /* Info.plist */,
				2D03DD1924F176D200AE1A82 /* defaultPrograms.json */,
			);
			path = Timer;
			sourceTree = "<group>";
		};
/* End PBXGroup section */

/* Begin PBXNativeTarget section */
		2DEFB3021CA6E40000E4AA77 /* Custimer */ = {
			isa = PBXNativeTarget;
			buildConfigurationList = 2DEFB3151CA6E40100E4AA77 /* Build configuration list for PBXNativeTarget "Custimer" */;
			buildPhases = (
				2DEFB2FF1CA6E40000E4AA77 /* Sources */,
				2DEFB3001CA6E40000E4AA77 /* Frameworks */,
				2DEFB3011CA6E40000E4AA77 /* Resources */,
			);
			buildRules = (
			);
			dependencies = (
			);
			name = Custimer;
			packageProductDependencies = (
			);
			productName = Timer;
			productReference = 2DEFB3031CA6E40000E4AA77 /* Custimer.app */;
			productType = "com.apple.product-type.application";
		};
/* End PBXNativeTarget section */

/* Begin PBXProject section */
		2DEFB2FB1CA6E40000E4AA77 /* Project object */ = {
			isa = PBXProject;
			attributes = {
				LastSwiftUpdateCheck = 0730;
				LastUpgradeCheck = 1100;
				ORGANIZATIONNAME = "Jonathan Diehl";
				TargetAttributes = {
					2DEFB3021CA6E40000E4AA77 = {
						CreatedOnToolsVersion = 7.3;
						DevelopmentTeam = K8AJZV2G24;
						LastSwiftMigration = 1100;
						SystemCapabilities = {
							com.apple.InterAppAudio = {
								enabled = 0;
							};
						};
					};
				};
			};
			buildConfigurationList = 2DEFB2FE1CA6E40000E4AA77 /* Build configuration list for PBXProject "Timer" */;
			compatibilityVersion = "Xcode 3.2";
			developmentRegion = en;
			hasScannedForEncodings = 0;
			knownRegions = (
				en,
				Base,
			);
			mainGroup = 2DEFB2FA1CA6E40000E4AA77;
			packageReferences = (
			);
			productRefGroup = 2DEFB3041CA6E40000E4AA77 /* Products */;
			projectDirPath = "";
			projectRoot = "";
			targets = (
				2DEFB3021CA6E40000E4AA77 /* Custimer */,
			);
		};
/* End PBXProject section */

/* Begin PBXResourcesBuildPhase section */
		2DEFB3011CA6E40000E4AA77 /* Resources */ = {
			isa = PBXResourcesBuildPhase;
			buildActionMask = 2147483647;
			files = (
				2DEFB3111CA6E40100E4AA77 /* LaunchScreen.storyboard in Resources */,
				2D71C45B24C34222003288DE /* Colors.xcassets in Resources */,
				2D03DD1A24F176D200AE1A82 /* defaultPrograms.json in Resources */,
				2DEFB30E1CA6E40100E4AA77 /* Assets.xcassets in Resources */,
				2DEFB30C1CA6E40100E4AA77 /* Main.storyboard in Resources */,
			);
			runOnlyForDeploymentPostprocessing = 0;
		};
/* End PBXResourcesBuildPhase section */

/* Begin PBXSourcesBuildPhase section */
		2DEFB2FF1CA6E40000E4AA77 /* Sources */ = {
			isa = PBXSourcesBuildPhase;
			buildActionMask = 2147483647;
			files = (
				2DD4178A24C5786300981C09 /* EventEmitter.swift in Sources */,
				2D6192F524C0BB2C00F7DC1E /* ProgressViewController.swift in Sources */,
				2DD4178224C42E6E00981C09 /* StepsView.swift in Sources */,
				2DB7034724CC9087008FC7DF /* IntExtension.swift in Sources */,
				2D138E5124BB18E6008A269A /* ProgramManager.swift in Sources */,
				2DB7034524CC85BB008FC7DF /* ProgramCell.swift in Sources */,
				2D292F2A24BCB292008B10E6 /* UIViewControllerExtension.swift in Sources */,
				2DD59F4C24E9A85600EDBEDA /* EditProgramTableViewController.swift in Sources */,
				2D02FC3A24ED946300837D13 /* ButtonCell.swift in Sources */,
				2DBACDE624C1D855006F167F /* HeaderViewController.swift in Sources */,
				2DEFB3091CA6E40100E4AA77 /* TimerViewController.swift in Sources */,
				2DF0B8FF24C8208B0062694B /* AnnouncerViewController.swift in Sources */,
				2D138E5324BB1EBF008A269A /* BlinkAnimation.swift in Sources */,
				2D01ACB424E8046300818691 /* Tint.swift in Sources */,
				2DFFFE2824FBCD93000E6B9A /* MarkerView.swift in Sources */,
				2DD59F5024E9B10F00EDBEDA /* ThemeCell.swift in Sources */,
				2DE4E3FA24F2C4BB00E3A6C2 /* SceneDelegate.swift in Sources */,
				2D138E4C24BA20E1008A269A /* SecondsTimer.swift in Sources */,
				2D8BBA7F24EC730D00025170 /* EditStepTableViewController.swift in Sources */,
				2D138E4A24BA1403008A269A /* ProgramRunner.swift in Sources */,
				2D138E4F24BAFC28008A269A /* NotificationScheduler.swift in Sources */,
				2D0ABDB024EAFD26001404D0 /* StyleView.swift in Sources */,
				2D99B88324BF925F009BE18E /* ProgressView.swift in Sources */,
				2DB7034B24CE256A008FC7DF /* StepsPicker.swift in Sources */,
				2D3BB6FA1CAC36CC008320FA /* ProgramTableViewController.swift in Sources */,
				2D138E5724BC3D63008A269A /* ControlsViewControler.swift in Sources */,
				2DD4178424C4330200981C09 /* StepsViewController.swift in Sources */,
				2DB7034924CE23B0008FC7DF /* PanelView.swift in Sources */,
				2DEFB3071CA6E40100E4AA77 /* AppDelegate.swift in Sources */,
				2DD59F4E24E9A9A700EDBEDA /* TextFieldCell.swift in Sources */,
				2DD59F5224EA5C5900EDBEDA /* ThemeView.swift in Sources */,
				2D138E4824BA1292008A269A /* Program.swift in Sources */,
				2DFFFE2A24FBDC84000E6B9A /* UIViewExtension.swift in Sources */,
				2DFFFE2624FBCA26000E6B9A /* StepsLayer.swift in Sources */,
				2DD4178824C4CA2B00981C09 /* CGPointExtension.swift in Sources */,
				2DE4E3D324F29CB800E3A6C2 /* SwitchCell.swift in Sources */,
				2DD4178624C47FD400981C09 /* CALayerExtension.swift in Sources */,
				2D0ABDAE24EAFCB8001404D0 /* StyleCell.swift in Sources */,
			);
			runOnlyForDeploymentPostprocessing = 0;
		};
/* End PBXSourcesBuildPhase section */

/* Begin PBXVariantGroup section */
		2DEFB30A1CA6E40100E4AA77 /* Main.storyboard */ = {
			isa = PBXVariantGroup;
			children = (
				2DEFB30B1CA6E40100E4AA77 /* Base */,
			);
			name = Main.storyboard;
			sourceTree = "<group>";
		};
		2DEFB30F1CA6E40100E4AA77 /* LaunchScreen.storyboard */ = {
			isa = PBXVariantGroup;
			children = (
				2DEFB3101CA6E40100E4AA77 /* Base */,
			);
			name = LaunchScreen.storyboard;
			sourceTree = "<group>";
		};
/* End PBXVariantGroup section */

/* Begin XCBuildConfiguration section */
		2DEFB3131CA6E40100E4AA77 /* Debug */ = {
			isa = XCBuildConfiguration;
			buildSettings = {
				ALWAYS_SEARCH_USER_PATHS = NO;
				CLANG_ANALYZER_LOCALIZABILITY_NONLOCALIZED = YES;
				CLANG_ANALYZER_NONNULL = YES;
				CLANG_CXX_LANGUAGE_STANDARD = "gnu++0x";
				CLANG_CXX_LIBRARY = "libc++";
				CLANG_ENABLE_MODULES = YES;
				CLANG_ENABLE_OBJC_ARC = YES;
				CLANG_WARN_BLOCK_CAPTURE_AUTORELEASING = YES;
				CLANG_WARN_BOOL_CONVERSION = YES;
				CLANG_WARN_COMMA = YES;
				CLANG_WARN_CONSTANT_CONVERSION = YES;
				CLANG_WARN_DEPRECATED_OBJC_IMPLEMENTATIONS = YES;
				CLANG_WARN_DIRECT_OBJC_ISA_USAGE = YES_ERROR;
				CLANG_WARN_EMPTY_BODY = YES;
				CLANG_WARN_ENUM_CONVERSION = YES;
				CLANG_WARN_INFINITE_RECURSION = YES;
				CLANG_WARN_INT_CONVERSION = YES;
				CLANG_WARN_NON_LITERAL_NULL_CONVERSION = YES;
				CLANG_WARN_OBJC_IMPLICIT_RETAIN_SELF = YES;
				CLANG_WARN_OBJC_LITERAL_CONVERSION = YES;
				CLANG_WARN_OBJC_ROOT_CLASS = YES_ERROR;
				CLANG_WARN_RANGE_LOOP_ANALYSIS = YES;
				CLANG_WARN_STRICT_PROTOTYPES = YES;
				CLANG_WARN_SUSPICIOUS_MOVE = YES;
				CLANG_WARN_UNREACHABLE_CODE = YES;
				CLANG_WARN__DUPLICATE_METHOD_MATCH = YES;
				"CODE_SIGN_IDENTITY[sdk=iphoneos*]" = "iPhone Developer";
				COPY_PHASE_STRIP = NO;
				DEBUG_INFORMATION_FORMAT = dwarf;
				ENABLE_STRICT_OBJC_MSGSEND = YES;
				ENABLE_TESTABILITY = YES;
				GCC_C_LANGUAGE_STANDARD = gnu99;
				GCC_DYNAMIC_NO_PIC = NO;
				GCC_NO_COMMON_BLOCKS = YES;
				GCC_OPTIMIZATION_LEVEL = 0;
				GCC_PREPROCESSOR_DEFINITIONS = (
					"DEBUG=1",
					"$(inherited)",
				);
				GCC_WARN_64_TO_32_BIT_CONVERSION = YES;
				GCC_WARN_ABOUT_RETURN_TYPE = YES_ERROR;
				GCC_WARN_UNDECLARED_SELECTOR = YES;
				GCC_WARN_UNINITIALIZED_AUTOS = YES_AGGRESSIVE;
				GCC_WARN_UNUSED_FUNCTION = YES;
				GCC_WARN_UNUSED_VARIABLE = YES;
				IPHONEOS_DEPLOYMENT_TARGET = 13.0;
				MTL_ENABLE_DEBUG_INFO = YES;
				ONLY_ACTIVE_ARCH = YES;
				SDKROOT = iphoneos;
				SWIFT_OPTIMIZATION_LEVEL = "-Onone";
				TARGETED_DEVICE_FAMILY = "1,2";
			};
			name = Debug;
		};
		2DEFB3141CA6E40100E4AA77 /* Release */ = {
			isa = XCBuildConfiguration;
			buildSettings = {
				ALWAYS_SEARCH_USER_PATHS = NO;
				CLANG_ANALYZER_LOCALIZABILITY_NONLOCALIZED = YES;
				CLANG_ANALYZER_NONNULL = YES;
				CLANG_CXX_LANGUAGE_STANDARD = "gnu++0x";
				CLANG_CXX_LIBRARY = "libc++";
				CLANG_ENABLE_MODULES = YES;
				CLANG_ENABLE_OBJC_ARC = YES;
				CLANG_WARN_BLOCK_CAPTURE_AUTORELEASING = YES;
				CLANG_WARN_BOOL_CONVERSION = YES;
				CLANG_WARN_COMMA = YES;
				CLANG_WARN_CONSTANT_CONVERSION = YES;
				CLANG_WARN_DEPRECATED_OBJC_IMPLEMENTATIONS = YES;
				CLANG_WARN_DIRECT_OBJC_ISA_USAGE = YES_ERROR;
				CLANG_WARN_EMPTY_BODY = YES;
				CLANG_WARN_ENUM_CONVERSION = YES;
				CLANG_WARN_INFINITE_RECURSION = YES;
				CLANG_WARN_INT_CONVERSION = YES;
				CLANG_WARN_NON_LITERAL_NULL_CONVERSION = YES;
				CLANG_WARN_OBJC_IMPLICIT_RETAIN_SELF = YES;
				CLANG_WARN_OBJC_LITERAL_CONVERSION = YES;
				CLANG_WARN_OBJC_ROOT_CLASS = YES_ERROR;
				CLANG_WARN_RANGE_LOOP_ANALYSIS = YES;
				CLANG_WARN_STRICT_PROTOTYPES = YES;
				CLANG_WARN_SUSPICIOUS_MOVE = YES;
				CLANG_WARN_UNREACHABLE_CODE = YES;
				CLANG_WARN__DUPLICATE_METHOD_MATCH = YES;
				"CODE_SIGN_IDENTITY[sdk=iphoneos*]" = "iPhone Developer";
				COPY_PHASE_STRIP = NO;
				DEBUG_INFORMATION_FORMAT = "dwarf-with-dsym";
				ENABLE_NS_ASSERTIONS = NO;
				ENABLE_STRICT_OBJC_MSGSEND = YES;
				GCC_C_LANGUAGE_STANDARD = gnu99;
				GCC_NO_COMMON_BLOCKS = YES;
				GCC_WARN_64_TO_32_BIT_CONVERSION = YES;
				GCC_WARN_ABOUT_RETURN_TYPE = YES_ERROR;
				GCC_WARN_UNDECLARED_SELECTOR = YES;
				GCC_WARN_UNINITIALIZED_AUTOS = YES_AGGRESSIVE;
				GCC_WARN_UNUSED_FUNCTION = YES;
				GCC_WARN_UNUSED_VARIABLE = YES;
				IPHONEOS_DEPLOYMENT_TARGET = 13.0;
				MTL_ENABLE_DEBUG_INFO = NO;
				SDKROOT = iphoneos;
				SWIFT_OPTIMIZATION_LEVEL = "-Owholemodule";
				TARGETED_DEVICE_FAMILY = "1,2";
				VALIDATE_PRODUCT = YES;
			};
			name = Release;
		};
		2DEFB3161CA6E40100E4AA77 /* Debug */ = {
			isa = XCBuildConfiguration;
			buildSettings = {
				ASSETCATALOG_COMPILER_APPICON_NAME = AppIcon;
				CODE_SIGN_ENTITLEMENTS = Timer/Timer.entitlements;
				CODE_SIGN_IDENTITY = "iPhone Developer";
				"CODE_SIGN_IDENTITY[sdk=iphoneos*]" = "iPhone Developer";
				DEVELOPMENT_TEAM = K8AJZV2G24;
				INFOPLIST_FILE = Timer/Info.plist;
				IPHONEOS_DEPLOYMENT_TARGET = 13.0;
				LD_RUNPATH_SEARCH_PATHS = "$(inherited) @executable_path/Frameworks";
				MARKETING_VERSION = 2.0;
				PRODUCT_BUNDLE_IDENTIFIER = "jdiehl.creative-timer";
				PRODUCT_NAME = Custimer;
				PROVISIONING_PROFILE = "";
				SUPPORTS_MACCATALYST = YES;
				SWIFT_VERSION = 5.0;
			};
			name = Debug;
		};
		2DEFB3171CA6E40100E4AA77 /* Release */ = {
			isa = XCBuildConfiguration;
			buildSettings = {
				ASSETCATALOG_COMPILER_APPICON_NAME = AppIcon;
				CODE_SIGN_ENTITLEMENTS = Timer/Timer.entitlements;
				CODE_SIGN_IDENTITY = "iPhone Developer";
				"CODE_SIGN_IDENTITY[sdk=iphoneos*]" = "iPhone Developer";
				DEVELOPMENT_TEAM = K8AJZV2G24;
				INFOPLIST_FILE = Timer/Info.plist;
				IPHONEOS_DEPLOYMENT_TARGET = 13.0;
				LD_RUNPATH_SEARCH_PATHS = "$(inherited) @executable_path/Frameworks";
				MARKETING_VERSION = 2.0;
				PRODUCT_BUNDLE_IDENTIFIER = "jdiehl.creative-timer";
				PRODUCT_NAME = Custimer;
				PROVISIONING_PROFILE = "";
				SUPPORTS_MACCATALYST = YES;
				SWIFT_VERSION = 5.0;
			};
			name = Release;
		};
/* End XCBuildConfiguration section */

/* Begin XCConfigurationList section */
		2DEFB2FE1CA6E40000E4AA77 /* Build configuration list for PBXProject "Timer" */ = {
			isa = XCConfigurationList;
			buildConfigurations = (
				2DEFB3131CA6E40100E4AA77 /* Debug */,
				2DEFB3141CA6E40100E4AA77 /* Release */,
			);
			defaultConfigurationIsVisible = 0;
			defaultConfigurationName = Release;
		};
		2DEFB3151CA6E40100E4AA77 /* Build configuration list for PBXNativeTarget "Custimer" */ = {
			isa = XCConfigurationList;
			buildConfigurations = (
				2DEFB3161CA6E40100E4AA77 /* Debug */,
				2DEFB3171CA6E40100E4AA77 /* Release */,
			);
			defaultConfigurationIsVisible = 0;
			defaultConfigurationName = Release;
		};
/* End XCConfigurationList section */
	};
	rootObject = 2DEFB2FB1CA6E40000E4AA77 /* Project object */;
}
