// !$*UTF8*$!
{
	archiveVersion = 1;
	classes = {
	};
	objectVersion = 46;
	objects = {

/* Begin PBXBuildFile section */
		2DEFB3071CA6E40100E4AA77 /* AppDelegate.swift in Sources */ = {isa = PBXBuildFile; fileRef = 2DEFB3061CA6E40100E4AA77 /* AppDelegate.swift */; };
		2DEFB3091CA6E40100E4AA77 /* ViewController.swift in Sources */ = {isa = PBXBuildFile; fileRef = 2DEFB3081CA6E40100E4AA77 /* ViewController.swift */; };
		2DEFB30C1CA6E40100E4AA77 /* Main.storyboard in Resources */ = {isa = PBXBuildFile; fileRef = 2DEFB30A1CA6E40100E4AA77 /* Main.storyboard */; };
		2DEFB30E1CA6E40100E4AA77 /* Assets.xcassets in Resources */ = {isa = PBXBuildFile; fileRef = 2DEFB30D1CA6E40100E4AA77 /* Assets.xcassets */; };
		2DEFB3111CA6E40100E4AA77 /* LaunchScreen.storyboard in Resources */ = {isa = PBXBuildFile; fileRef = 2DEFB30F1CA6E40100E4AA77 /* LaunchScreen.storyboard */; };
		2DEFB3191CA6E41600E4AA77 /* TimerView.swift in Sources */ = {isa = PBXBuildFile; fileRef = 2DEFB3181CA6E41600E4AA77 /* TimerView.swift */; };
		2DEFB31D1CA6ECD400E4AA77 /* Timer.swift in Sources */ = {isa = PBXBuildFile; fileRef = 2DEFB31C1CA6ECD400E4AA77 /* Timer.swift */; };
/* End PBXBuildFile section */

/* Begin PBXFileReference section */
		2DEFB3031CA6E40000E4AA77 /* Timer.app */ = {isa = PBXFileReference; explicitFileType = wrapper.application; includeInIndex = 0; path = Timer.app; sourceTree = BUILT_PRODUCTS_DIR; };
		2DEFB3061CA6E40100E4AA77 /* AppDelegate.swift */ = {isa = PBXFileReference; lastKnownFileType = sourcecode.swift; path = AppDelegate.swift; sourceTree = "<group>"; };
		2DEFB3081CA6E40100E4AA77 /* ViewController.swift */ = {isa = PBXFileReference; lastKnownFileType = sourcecode.swift; path = ViewController.swift; sourceTree = "<group>"; };
		2DEFB30B1CA6E40100E4AA77 /* Base */ = {isa = PBXFileReference; lastKnownFileType = file.storyboard; name = Base; path = Base.lproj/Main.storyboard; sourceTree = "<group>"; };
		2DEFB30D1CA6E40100E4AA77 /* Assets.xcassets */ = {isa = PBXFileReference; lastKnownFileType = folder.assetcatalog; path = Assets.xcassets; sourceTree = "<group>"; };
		2DEFB3101CA6E40100E4AA77 /* Base */ = {isa = PBXFileReference; lastKnownFileType = file.storyboard; name = Base; path = Base.lproj/LaunchScreen.storyboard; sourceTree = "<group>"; };
		2DEFB3121CA6E40100E4AA77 /* Info.plist */ = {isa = PBXFileReference; lastKnownFileType = text.plist.xml; path = Info.plist; sourceTree = "<group>"; };
		2DEFB3181CA6E41600E4AA77 /* TimerView.swift */ = {isa = PBXFileReference; fileEncoding = 4; lastKnownFileType = sourcecode.swift; path = TimerView.swift; sourceTree = "<group>"; };
		2DEFB31C1CA6ECD400E4AA77 /* Timer.swift */ = {isa = PBXFileReference; fileEncoding = 4; lastKnownFileType = sourcecode.swift; path = Timer.swift; sourceTree = "<group>"; };
/* End PBXFileReference section */

/* Begin PBXFrameworksBuildPhase section */
		2DEFB3001CA6E40000E4AA77 /* Frameworks */ = {
			isa = PBXFrameworksBuildPhase;
			buildActionMask = 2147483647;
			files = (
			);
			runOnlyForDeploymentPostprocessing = 0;
		};
/* End PBXFrameworksBuildPhase section */

/* Begin PBXGroup section */
		2DEFB2FA1CA6E40000E4AA77 = {
			isa = PBXGroup;
			children = (
				2DEFB3051CA6E40100E4AA77 /* Timer */,
				2DEFB3041CA6E40000E4AA77 /* Products */,
			);
			sourceTree = "<group>";
		};
		2DEFB3041CA6E40000E4AA77 /* Products */ = {
			isa = PBXGroup;
			children = (
				2DEFB3031CA6E40000E4AA77 /* Timer.app */,
			);
			name = Products;
			sourceTree = "<group>";
		};
		2DEFB3051CA6E40100E4AA77 /* Timer */ = {
			isa = PBXGroup;
			children = (
				2DEFB3061CA6E40100E4AA77 /* AppDelegate.swift */,
				2DEFB3081CA6E40100E4AA77 /* ViewController.swift */,
				2DEFB31C1CA6ECD400E4AA77 /* Timer.swift */,
				2DEFB3181CA6E41600E4AA77 /* TimerView.swift */,
				2DEFB30A1CA6E40100E4AA77 /* Main.storyboard */,
				2DEFB30D1CA6E40100E4AA77 /* Assets.xcassets */,
				2DEFB30F1CA6E40100E4AA77 /* LaunchScreen.storyboard */,
				2DEFB3121CA6E40100E4AA77 /* Info.plist */,
			);
			path = Timer;
			sourceTree = "<group>";
		};
/* End PBXGroup section */

/* Begin PBXNativeTarget section */
		2DEFB3021CA6E40000E4AA77 /* Timer */ = {
			isa = PBXNativeTarget;
			buildConfigurationList = 2DEFB3151CA6E40100E4AA77 /* Build configuration list for PBXNativeTarget "Timer" */;
			buildPhases = (
				2DEFB2FF1CA6E40000E4AA77 /* Sources */,
				2DEFB3001CA6E40000E4AA77 /* Frameworks */,
				2DEFB3011CA6E40000E4AA77 /* Resources */,
			);
			buildRules = (
			);
			dependencies = (
			);
			name = Timer;
			productName = Timer;
			productReference = 2DEFB3031CA6E40000E4AA77 /* Timer.app */;
			productType = "com.apple.product-type.application";
		};
/* End PBXNativeTarget section */

/* Begin PBXProject section */
		2DEFB2FB1CA6E40000E4AA77 /* Project object */ = {
			isa = PBXProject;
			attributes = {
				LastSwiftUpdateCheck = 0730;
				LastUpgradeCheck = 0730;
				ORGANIZATIONNAME = "Jonathan Diehl";
				TargetAttributes = {
					2DEFB3021CA6E40000E4AA77 = {
						CreatedOnToolsVersion = 7.3;
					};
				};
			};
			buildConfigurationList = 2DEFB2FE1CA6E40000E4AA77 /* Build configuration list for PBXProject "Timer" */;
			compatibilityVersion = "Xcode 3.2";
			developmentRegion = English;
			hasScannedForEncodings = 0;
			knownRegions = (
				en,
				Base,
			);
			mainGroup = 2DEFB2FA1CA6E40000E4AA77;
			productRefGroup = 2DEFB3041CA6E40000E4AA77 /* Products */;
			projectDirPath = "";
			projectRoot = "";
			targets = (
				2DEFB3021CA6E40000E4AA77 /* Timer */,
			);
		};
/* End PBXProject section */

/* Begin PBXResourcesBuildPhase section */
		2DEFB3011CA6E40000E4AA77 /* Resources */ = {
			isa = PBXResourcesBuildPhase;
			buildActionMask = 2147483647;
			files = (
				2DEFB3111CA6E40100E4AA77 /* LaunchScreen.storyboard in Resources */,
				2DEFB30E1CA6E40100E4AA77 /* Assets.xcassets in Resources */,
				2DEFB30C1CA6E40100E4AA77 /* Main.storyboard in Resources */,
			);
			runOnlyForDeploymentPostprocessing = 0;
		};
/* End PBXResourcesBuildPhase section */

/* Begin PBXSourcesBuildPhase section */
		2DEFB2FF1CA6E40000E4AA77 /* Sources */ = {
			isa = PBXSourcesBuildPhase;
			buildActionMask = 2147483647;
			files = (
				2DEFB3191CA6E41600E4AA77 /* TimerView.swift in Sources */,
				2DEFB3091CA6E40100E4AA77 /* ViewController.swift in Sources */,
				2DEFB3071CA6E40100E4AA77 /* AppDelegate.swift in Sources */,
				2DEFB31D1CA6ECD400E4AA77 /* Timer.swift in Sources */,
			);
			runOnlyForDeploymentPostprocessing = 0;
		};
/* End PBXSourcesBuildPhase section */

/* Begin PBXVariantGroup section */
		2DEFB30A1CA6E40100E4AA77 /* Main.storyboard */ = {
			isa = PBXVariantGroup;
			children = (
				2DEFB30B1CA6E40100E4AA77 /* Base */,
			);
			name = Main.storyboard;
			sourceTree = "<group>";
		};
		2DEFB30F1CA6E40100E4AA77 /* LaunchScreen.storyboard */ = {
			isa = PBXVariantGroup;
			children = (
				2DEFB3101CA6E40100E4AA77 /* Base */,
			);
			name = LaunchScreen.storyboard;
			sourceTree = "<group>";
		};
/* End PBXVariantGroup section */

/* Begin XCBuildConfiguration section */
		2DEFB3131CA6E40100E4AA77 /* Debug */ = {
			isa = XCBuildConfiguration;
			buildSettings = {
				ALWAYS_SEARCH_USER_PATHS = NO;
				CLANG_ANALYZER_NONNULL = YES;
				CLANG_CXX_LANGUAGE_STANDARD = "gnu++0x";
				CLANG_CXX_LIBRARY = "libc++";
				CLANG_ENABLE_MODULES = YES;
				CLANG_ENABLE_OBJC_ARC = YES;
				CLANG_WARN_BOOL_CONVERSION = YES;
				CLANG_WARN_CONSTANT_CONVERSION = YES;
				CLANG_WARN_DIRECT_OBJC_ISA_USAGE = YES_ERROR;
				CLANG_WARN_EMPTY_BODY = YES;
				CLANG_WARN_ENUM_CONVERSION = YES;
				CLANG_WARN_INT_CONVERSION = YES;
				CLANG_WARN_OBJC_ROOT_CLASS = YES_ERROR;
				CLANG_WARN_UNREACHABLE_CODE = YES;
				CLANG_WARN__DUPLICATE_METHOD_MATCH = YES;
				"CODE_SIGN_IDENTITY[sdk=iphoneos*]" = "iPhone Developer";
				COPY_PHASE_STRIP = NO;
				DEBUG_INFORMATION_FORMAT = dwarf;
				ENABLE_STRICT_OBJC_MSGSEND = YES;
				ENABLE_TESTABILITY = YES;
				GCC_C_LANGUAGE_STANDARD = gnu99;
				GCC_DYNAMIC_NO_PIC = NO;
				GCC_NO_COMMON_BLOCKS = YES;
				GCC_OPTIMIZATION_LEVEL = 0;
				GCC_PREPROCESSOR_DEFINITIONS = (
					"DEBUG=1",
					"$(inherited)",
				);
				GCC_WARN_64_TO_32_BIT_CONVERSION = YES;
				GCC_WARN_ABOUT_RETURN_TYPE = YES_ERROR;
				GCC_WARN_UNDECLARED_SELECTOR = YES;
				GCC_WARN_UNINITIALIZED_AUTOS = YES_AGGRESSIVE;
				GCC_WARN_UNUSED_FUNCTION = YES;
				GCC_WARN_UNUSED_VARIABLE = YES;
				IPHONEOS_DEPLOYMENT_TARGET = 9.3;
				MTL_ENABLE_DEBUG_INFO = YES;
				ONLY_ACTIVE_ARCH = YES;
				SDKROOT = iphoneos;
				SWIFT_OPTIMIZATION_LEVEL = "-Onone";
				TARGETED_DEVICE_FAMILY = "1,2";
			};
			name = Debug;
		};
		2DEFB3141CA6E40100E4AA77 /* Release */ = {
			isa = XCBuildConfiguration;
			buildSettings = {
				ALWAYS_SEARCH_USER_PATHS = NO;
				CLANG_ANALYZER_NONNULL = YES;
				CLANG_CXX_LANGUAGE_STANDARD = "gnu++0x";
				CLANG_CXX_LIBRARY = "libc++";
				CLANG_ENABLE_MODULES = YES;
				CLANG_ENABLE_OBJC_ARC = YES;
				CLANG_WARN_BOOL_CONVERSION = YES;
				CLANG_WARN_CONSTANT_CONVERSION = YES;
				CLANG_WARN_DIRECT_OBJC_ISA_USAGE = YES_ERROR;
				CLANG_WARN_EMPTY_BODY = YES;
				CLANG_WARN_ENUM_CONVERSION = YES;
				CLANG_WARN_INT_CONVERSION = YES;
				CLANG_WARN_OBJC_ROOT_CLASS = YES_ERROR;
				CLANG_WARN_UNREACHABLE_CODE = YES;
				CLANG_WARN__DUPLICATE_METHOD_MATCH = YES;
				"CODE_SIGN_IDENTITY[sdk=iphoneos*]" = "iPhone Developer";
				COPY_PHASE_STRIP = NO;
				DEBUG_INFORMATION_FORMAT = "dwarf-with-dsym";
				ENABLE_NS_ASSERTIONS = NO;
				ENABLE_STRICT_OBJC_MSGSEND = YES;
				GCC_C_LANGUAGE_STANDARD = gnu99;
				GCC_NO_COMMON_BLOCKS = YES;
				GCC_WARN_64_TO_32_BIT_CONVERSION = YES;
				GCC_WARN_ABOUT_RETURN_TYPE = YES_ERROR;
				GCC_WARN_UNDECLARED_SELECTOR = YES;
				GCC_WARN_UNINITIALIZED_AUTOS = YES_AGGRESSIVE;
				GCC_WARN_UNUSED_FUNCTION = YES;
				GCC_WARN_UNUSED_VARIABLE = YES;
				IPHONEOS_DEPLOYMENT_TARGET = 9.3;
				MTL_ENABLE_DEBUG_INFO = NO;
				SDKROOT = iphoneos;
				TARGETED_DEVICE_FAMILY = "1,2";
				VALIDATE_PRODUCT = YES;
			};
			name = Release;
		};
		2DEFB3161CA6E40100E4AA77 /* Debug */ = {
			isa = XCBuildConfiguration;
			buildSettings = {
				ASSETCATALOG_COMPILER_APPICON_NAME = AppIcon;
				CODE_SIGN_IDENTITY = "iPhone Developer";
				INFOPLIST_FILE = Timer/Info.plist;
				IPHONEOS_DEPLOYMENT_TARGET = 8.0;
				LD_RUNPATH_SEARCH_PATHS = "$(inherited) @executable_path/Frameworks";
				PRODUCT_BUNDLE_IDENTIFIER = didie.space.Timer;
				PRODUCT_NAME = "$(TARGET_NAME)";
			};
			name = Debug;
		};
		2DEFB3171CA6E40100E4AA77 /* Release */ = {
			isa = XCBuildConfiguration;
			buildSettings = {
				ASSETCATALOG_COMPILER_APPICON_NAME = AppIcon;
				CODE_SIGN_IDENTITY = "iPhone Developer";
				INFOPLIST_FILE = Timer/Info.plist;
				IPHONEOS_DEPLOYMENT_TARGET = 8.0;
				LD_RUNPATH_SEARCH_PATHS = "$(inherited) @executable_path/Frameworks";
				PRODUCT_BUNDLE_IDENTIFIER = didie.space.Timer;
				PRODUCT_NAME = "$(TARGET_NAME)";
			};
			name = Release;
		};
/* End XCBuildConfiguration section */

/* Begin XCConfigurationList section */
		2DEFB2FE1CA6E40000E4AA77 /* Build configuration list for PBXProject "Timer" */ = {
			isa = XCConfigurationList;
			buildConfigurations = (
				2DEFB3131CA6E40100E4AA77 /* Debug */,
				2DEFB3141CA6E40100E4AA77 /* Release */,
			);
			defaultConfigurationIsVisible = 0;
			defaultConfigurationName = Release;
		};
		2DEFB3151CA6E40100E4AA77 /* Build configuration list for PBXNativeTarget "Timer" */ = {
			isa = XCConfigurationList;
			buildConfigurations = (
				2DEFB3161CA6E40100E4AA77 /* Debug */,
				2DEFB3171CA6E40100E4AA77 /* Release */,
			);
			defaultConfigurationIsVisible = 0;
		};
/* End XCConfigurationList section */
	};
	rootObject = 2DEFB2FB1CA6E40000E4AA77 /* Project object */;
}
